
Microsoft Visual Studio Solution File, Format Version 12.00
# Visual Studio Version 17
VisualStudioVersion = 17.4.33403.182
MinimumVisualStudioVersion = 10.0.40219.1
Project("{9A19103F-16F7-4668-BE54-9A1E7A4F7556}") = "App", "App\App.csproj", "{1ED11EB1-3861-43A6-9B3E-F10C114F4EA7}"
EndProject
Project("{FAE04EC0-301F-11D3-BF4B-00C04F79EFBC}") = "Citywire-Refactoring-Test-Tests", "Citywire-Refactoring-Test-Tests\Citywire-Refactoring-Test-Tests.csproj", "{14A2117D-456A-47A5-BF62-DC44C7844C83}"
EndProject
Global
	GlobalSection(SolutionConfigurationPlatforms) = preSolution
		Debug|Any CPU = Debug|Any CPU
		Release|Any CPU = Release|Any CPU
	EndGlobalSection
	GlobalSection(ProjectConfigurationPlatforms) = postSolution
		{1ED11EB1-3861-43A6-9B3E-F10C114F4EA7}.Debug|Any CPU.ActiveCfg = Debug|Any CPU
		{1ED11EB1-3861-43A6-9B3E-F10C114F4EA7}.Debug|Any CPU.Build.0 = Debug|Any CPU
		{1ED11EB1-3861-43A6-9B3E-F10C114F4EA7}.Release|Any CPU.ActiveCfg = Release|Any CPU
		{1ED11EB1-3861-43A6-9B3E-F10C114F4EA7}.Release|Any CPU.Build.0 = Release|Any CPU
		{14A2117D-456A-47A5-BF62-DC44C7844C83}.Debug|Any CPU.ActiveCfg = Debug|Any CPU
		{14A2117D-456A-47A5-BF62-DC44C7844C83}.Debug|Any CPU.Build.0 = Debug|Any CPU
		{14A2117D-456A-47A5-BF62-DC44C7844C83}.Release|Any CPU.ActiveCfg = Release|Any CPU
		{14A2117D-456A-47A5-BF62-DC44C7844C83}.Release|Any CPU.Build.0 = Release|Any CPU
	EndGlobalSection
	GlobalSection(SolutionProperties) = preSolution
		HideSolutionNode = FALSE
	EndGlobalSection
	GlobalSection(ExtensibilityGlobals) = postSolution
		SolutionGuid = {7CCF0132-B5F7-4D1E-A596-9F3CDA769C2C}
	EndGlobalSection
EndGlobal
